
Microsoft Visual Studio Solution File, Format Version 12.00
# Visual Studio 14
VisualStudioVersion = 14.0.23107.0
MinimumVisualStudioVersion = 10.0.40219.1
Project("{FAE04EC0-301F-11D3-BF4B-00C04F79EFBC}") = "HuntTracker.Web", "HuntTracker.Web\HuntTracker.Web.csproj", "{8A1870DC-C7C6-492B-A566-398A21E9AB5F}"
EndProject
Project("{FAE04EC0-301F-11D3-BF4B-00C04F79EFBC}") = "HuntTracker.Api", "HuntTracker.Api\HuntTracker.Api.csproj", "{F6953768-237F-4BD5-8638-4EF9E512F23F}"
EndProject
Project("{2150E333-8FDC-42A3-9474-1A3956D46DE8}") = ".nuget", ".nuget", "{361619D9-C31F-45CD-A581-D95160637B7E}"
	ProjectSection(SolutionItems) = preProject
		.nuget\NuGet.Config = .nuget\NuGet.Config
		.nuget\NuGet.exe = .nuget\NuGet.exe
		.nuget\NuGet.targets = .nuget\NuGet.targets
	EndProjectSection
EndProject
Project("{FAE04EC0-301F-11D3-BF4B-00C04F79EFBC}") = "HuntTracker.Dal.Biggy", "HuntTracker.Dal.Biggy\HuntTracker.Dal.Biggy.csproj", "{B09560F9-4480-48C9-8DAA-C7B7C5702499}"
EndProject
Project("{FAE04EC0-301F-11D3-BF4B-00C04F79EFBC}") = "HuntTracker.Dal.DocumentDB", "HuntTracker.Dal.DocumentDB\HuntTracker.Dal.DocumentDB.csproj", "{4DD1A6EE-38A2-4963-868A-574FB8D000FC}"
EndProject
Project("{FAE04EC0-301F-11D3-BF4B-00C04F79EFBC}") = "HuntTracker.Dal.File", "HuntTracker.Dal.File\HuntTracker.Dal.File.csproj", "{61DDBA0E-A97D-4AF3-84E8-3AC1D9875FE6}"
EndProject
Project("{FAE04EC0-301F-11D3-BF4B-00C04F79EFBC}") = "HuntTracker.Dal.Common", "HuntTracker.Dal.Common\HuntTracker.Dal.Common.csproj", "{5F72D101-4675-4989-A76C-DD36E05E3028}"
EndProject
Project("{262852C6-CD72-467D-83FE-5EEB1973A190}") = "HuntTracker.App", "HuntTracker.App\HuntTracker.App.jsproj", "{2309D2F4-49DE-4F54-9EAE-1A5F7C8F02B7}"
EndProject
Global
	GlobalSection(SolutionConfigurationPlatforms) = preSolution
		Debug|Android = Debug|Android
		Debug|Any CPU = Debug|Any CPU
		Debug|iOS = Debug|iOS
		Debug|Windows Phone (Universal) = Debug|Windows Phone (Universal)
		Debug|Windows Phone 8 = Debug|Windows Phone 8
		Debug|Windows-AnyCPU = Debug|Windows-AnyCPU
		Debug|Windows-ARM = Debug|Windows-ARM
		Debug|Windows-x64 = Debug|Windows-x64
		Debug|Windows-x86 = Debug|Windows-x86
		Release|Android = Release|Android
		Release|Any CPU = Release|Any CPU
		Release|iOS = Release|iOS
		Release|Windows Phone (Universal) = Release|Windows Phone (Universal)
		Release|Windows Phone 8 = Release|Windows Phone 8
		Release|Windows-AnyCPU = Release|Windows-AnyCPU
		Release|Windows-ARM = Release|Windows-ARM
		Release|Windows-x64 = Release|Windows-x64
		Release|Windows-x86 = Release|Windows-x86
	EndGlobalSection
	GlobalSection(ProjectConfigurationPlatforms) = postSolution
		{8A1870DC-C7C6-492B-A566-398A21E9AB5F}.Debug|Android.ActiveCfg = Debug|Any CPU
		{8A1870DC-C7C6-492B-A566-398A21E9AB5F}.Debug|Android.Build.0 = Debug|Any CPU
		{8A1870DC-C7C6-492B-A566-398A21E9AB5F}.Debug|Any CPU.ActiveCfg = Debug|Any CPU
		{8A1870DC-C7C6-492B-A566-398A21E9AB5F}.Debug|Any CPU.Build.0 = Debug|Any CPU
		{8A1870DC-C7C6-492B-A566-398A21E9AB5F}.Debug|iOS.ActiveCfg = Debug|Any CPU
		{8A1870DC-C7C6-492B-A566-398A21E9AB5F}.Debug|iOS.Build.0 = Debug|Any CPU
		{8A1870DC-C7C6-492B-A566-398A21E9AB5F}.Debug|Windows Phone (Universal).ActiveCfg = Debug|Any CPU
		{8A1870DC-C7C6-492B-A566-398A21E9AB5F}.Debug|Windows Phone (Universal).Build.0 = Debug|Any CPU
		{8A1870DC-C7C6-492B-A566-398A21E9AB5F}.Debug|Windows Phone 8.ActiveCfg = Debug|Any CPU
		{8A1870DC-C7C6-492B-A566-398A21E9AB5F}.Debug|Windows Phone 8.Build.0 = Debug|Any CPU
		{8A1870DC-C7C6-492B-A566-398A21E9AB5F}.Debug|Windows-AnyCPU.ActiveCfg = Debug|Any CPU
		{8A1870DC-C7C6-492B-A566-398A21E9AB5F}.Debug|Windows-AnyCPU.Build.0 = Debug|Any CPU
		{8A1870DC-C7C6-492B-A566-398A21E9AB5F}.Debug|Windows-ARM.ActiveCfg = Debug|Any CPU
		{8A1870DC-C7C6-492B-A566-398A21E9AB5F}.Debug|Windows-ARM.Build.0 = Debug|Any CPU
		{8A1870DC-C7C6-492B-A566-398A21E9AB5F}.Debug|Windows-x64.ActiveCfg = Debug|Any CPU
		{8A1870DC-C7C6-492B-A566-398A21E9AB5F}.Debug|Windows-x64.Build.0 = Debug|Any CPU
		{8A1870DC-C7C6-492B-A566-398A21E9AB5F}.Debug|Windows-x86.ActiveCfg = Debug|Any CPU
		{8A1870DC-C7C6-492B-A566-398A21E9AB5F}.Debug|Windows-x86.Build.0 = Debug|Any CPU
		{8A1870DC-C7C6-492B-A566-398A21E9AB5F}.Release|Android.ActiveCfg = Release|Any CPU
		{8A1870DC-C7C6-492B-A566-398A21E9AB5F}.Release|Android.Build.0 = Release|Any CPU
		{8A1870DC-C7C6-492B-A566-398A21E9AB5F}.Release|Any CPU.ActiveCfg = Release|Any CPU
		{8A1870DC-C7C6-492B-A566-398A21E9AB5F}.Release|Any CPU.Build.0 = Release|Any CPU
		{8A1870DC-C7C6-492B-A566-398A21E9AB5F}.Release|iOS.ActiveCfg = Release|Any CPU
		{8A1870DC-C7C6-492B-A566-398A21E9AB5F}.Release|iOS.Build.0 = Release|Any CPU
		{8A1870DC-C7C6-492B-A566-398A21E9AB5F}.Release|Windows Phone (Universal).ActiveCfg = Release|Any CPU
		{8A1870DC-C7C6-492B-A566-398A21E9AB5F}.Release|Windows Phone (Universal).Build.0 = Release|Any CPU
		{8A1870DC-C7C6-492B-A566-398A21E9AB5F}.Release|Windows Phone 8.ActiveCfg = Release|Any CPU
		{8A1870DC-C7C6-492B-A566-398A21E9AB5F}.Release|Windows Phone 8.Build.0 = Release|Any CPU
		{8A1870DC-C7C6-492B-A566-398A21E9AB5F}.Release|Windows-AnyCPU.ActiveCfg = Release|Any CPU
		{8A1870DC-C7C6-492B-A566-398A21E9AB5F}.Release|Windows-AnyCPU.Build.0 = Release|Any CPU
		{8A1870DC-C7C6-492B-A566-398A21E9AB5F}.Release|Windows-ARM.ActiveCfg = Release|Any CPU
		{8A1870DC-C7C6-492B-A566-398A21E9AB5F}.Release|Windows-ARM.Build.0 = Release|Any CPU
		{8A1870DC-C7C6-492B-A566-398A21E9AB5F}.Release|Windows-x64.ActiveCfg = Release|Any CPU
		{8A1870DC-C7C6-492B-A566-398A21E9AB5F}.Release|Windows-x64.Build.0 = Release|Any CPU
		{8A1870DC-C7C6-492B-A566-398A21E9AB5F}.Release|Windows-x86.ActiveCfg = Release|Any CPU
		{8A1870DC-C7C6-492B-A566-398A21E9AB5F}.Release|Windows-x86.Build.0 = Release|Any CPU
		{F6953768-237F-4BD5-8638-4EF9E512F23F}.Debug|Android.ActiveCfg = Debug|Any CPU
		{F6953768-237F-4BD5-8638-4EF9E512F23F}.Debug|Android.Build.0 = Debug|Any CPU
		{F6953768-237F-4BD5-8638-4EF9E512F23F}.Debug|Any CPU.ActiveCfg = Debug|Any CPU
		{F6953768-237F-4BD5-8638-4EF9E512F23F}.Debug|Any CPU.Build.0 = Debug|Any CPU
		{F6953768-237F-4BD5-8638-4EF9E512F23F}.Debug|iOS.ActiveCfg = Debug|Any CPU
		{F6953768-237F-4BD5-8638-4EF9E512F23F}.Debug|iOS.Build.0 = Debug|Any CPU
		{F6953768-237F-4BD5-8638-4EF9E512F23F}.Debug|Windows Phone (Universal).ActiveCfg = Debug|Any CPU
		{F6953768-237F-4BD5-8638-4EF9E512F23F}.Debug|Windows Phone (Universal).Build.0 = Debug|Any CPU
		{F6953768-237F-4BD5-8638-4EF9E512F23F}.Debug|Windows Phone 8.ActiveCfg = Debug|Any CPU
		{F6953768-237F-4BD5-8638-4EF9E512F23F}.Debug|Windows Phone 8.Build.0 = Debug|Any CPU
		{F6953768-237F-4BD5-8638-4EF9E512F23F}.Debug|Windows-AnyCPU.ActiveCfg = Debug|Any CPU
		{F6953768-237F-4BD5-8638-4EF9E512F23F}.Debug|Windows-AnyCPU.Build.0 = Debug|Any CPU
		{F6953768-237F-4BD5-8638-4EF9E512F23F}.Debug|Windows-ARM.ActiveCfg = Debug|Any CPU
		{F6953768-237F-4BD5-8638-4EF9E512F23F}.Debug|Windows-ARM.Build.0 = Debug|Any CPU
		{F6953768-237F-4BD5-8638-4EF9E512F23F}.Debug|Windows-x64.ActiveCfg = Debug|Any CPU
		{F6953768-237F-4BD5-8638-4EF9E512F23F}.Debug|Windows-x64.Build.0 = Debug|Any CPU
		{F6953768-237F-4BD5-8638-4EF9E512F23F}.Debug|Windows-x86.ActiveCfg = Debug|Any CPU
		{F6953768-237F-4BD5-8638-4EF9E512F23F}.Debug|Windows-x86.Build.0 = Debug|Any CPU
		{F6953768-237F-4BD5-8638-4EF9E512F23F}.Release|Android.ActiveCfg = Release|Any CPU
		{F6953768-237F-4BD5-8638-4EF9E512F23F}.Release|Android.Build.0 = Release|Any CPU
		{F6953768-237F-4BD5-8638-4EF9E512F23F}.Release|Any CPU.ActiveCfg = Release|Any CPU
		{F6953768-237F-4BD5-8638-4EF9E512F23F}.Release|Any CPU.Build.0 = Release|Any CPU
		{F6953768-237F-4BD5-8638-4EF9E512F23F}.Release|iOS.ActiveCfg = Release|Any CPU
		{F6953768-237F-4BD5-8638-4EF9E512F23F}.Release|iOS.Build.0 = Release|Any CPU
		{F6953768-237F-4BD5-8638-4EF9E512F23F}.Release|Windows Phone (Universal).ActiveCfg = Release|Any CPU
		{F6953768-237F-4BD5-8638-4EF9E512F23F}.Release|Windows Phone (Universal).Build.0 = Release|Any CPU
		{F6953768-237F-4BD5-8638-4EF9E512F23F}.Release|Windows Phone 8.ActiveCfg = Release|Any CPU
		{F6953768-237F-4BD5-8638-4EF9E512F23F}.Release|Windows Phone 8.Build.0 = Release|Any CPU
		{F6953768-237F-4BD5-8638-4EF9E512F23F}.Release|Windows-AnyCPU.ActiveCfg = Release|Any CPU
		{F6953768-237F-4BD5-8638-4EF9E512F23F}.Release|Windows-AnyCPU.Build.0 = Release|Any CPU
		{F6953768-237F-4BD5-8638-4EF9E512F23F}.Release|Windows-ARM.ActiveCfg = Release|Any CPU
		{F6953768-237F-4BD5-8638-4EF9E512F23F}.Release|Windows-ARM.Build.0 = Release|Any CPU
		{F6953768-237F-4BD5-8638-4EF9E512F23F}.Release|Windows-x64.ActiveCfg = Release|Any CPU
		{F6953768-237F-4BD5-8638-4EF9E512F23F}.Release|Windows-x64.Build.0 = Release|Any CPU
		{F6953768-237F-4BD5-8638-4EF9E512F23F}.Release|Windows-x86.ActiveCfg = Release|Any CPU
		{F6953768-237F-4BD5-8638-4EF9E512F23F}.Release|Windows-x86.Build.0 = Release|Any CPU
		{B09560F9-4480-48C9-8DAA-C7B7C5702499}.Debug|Android.ActiveCfg = Debug|Any CPU
		{B09560F9-4480-48C9-8DAA-C7B7C5702499}.Debug|Android.Build.0 = Debug|Any CPU
		{B09560F9-4480-48C9-8DAA-C7B7C5702499}.Debug|Any CPU.ActiveCfg = Debug|Any CPU
		{B09560F9-4480-48C9-8DAA-C7B7C5702499}.Debug|Any CPU.Build.0 = Debug|Any CPU
		{B09560F9-4480-48C9-8DAA-C7B7C5702499}.Debug|iOS.ActiveCfg = Debug|Any CPU
		{B09560F9-4480-48C9-8DAA-C7B7C5702499}.Debug|iOS.Build.0 = Debug|Any CPU
		{B09560F9-4480-48C9-8DAA-C7B7C5702499}.Debug|Windows Phone (Universal).ActiveCfg = Debug|Any CPU
		{B09560F9-4480-48C9-8DAA-C7B7C5702499}.Debug|Windows Phone (Universal).Build.0 = Debug|Any CPU
		{B09560F9-4480-48C9-8DAA-C7B7C5702499}.Debug|Windows Phone 8.ActiveCfg = Debug|Any CPU
		{B09560F9-4480-48C9-8DAA-C7B7C5702499}.Debug|Windows Phone 8.Build.0 = Debug|Any CPU
		{B09560F9-4480-48C9-8DAA-C7B7C5702499}.Debug|Windows-AnyCPU.ActiveCfg = Debug|Any CPU
		{B09560F9-4480-48C9-8DAA-C7B7C5702499}.Debug|Windows-AnyCPU.Build.0 = Debug|Any CPU
		{B09560F9-4480-48C9-8DAA-C7B7C5702499}.Debug|Windows-ARM.ActiveCfg = Debug|Any CPU
		{B09560F9-4480-48C9-8DAA-C7B7C5702499}.Debug|Windows-ARM.Build.0 = Debug|Any CPU
		{B09560F9-4480-48C9-8DAA-C7B7C5702499}.Debug|Windows-x64.ActiveCfg = Debug|Any CPU
		{B09560F9-4480-48C9-8DAA-C7B7C5702499}.Debug|Windows-x64.Build.0 = Debug|Any CPU
		{B09560F9-4480-48C9-8DAA-C7B7C5702499}.Debug|Windows-x86.ActiveCfg = Debug|Any CPU
		{B09560F9-4480-48C9-8DAA-C7B7C5702499}.Debug|Windows-x86.Build.0 = Debug|Any CPU
		{B09560F9-4480-48C9-8DAA-C7B7C5702499}.Release|Android.ActiveCfg = Release|Any CPU
		{B09560F9-4480-48C9-8DAA-C7B7C5702499}.Release|Android.Build.0 = Release|Any CPU
		{B09560F9-4480-48C9-8DAA-C7B7C5702499}.Release|Any CPU.ActiveCfg = Release|Any CPU
		{B09560F9-4480-48C9-8DAA-C7B7C5702499}.Release|Any CPU.Build.0 = Release|Any CPU
		{B09560F9-4480-48C9-8DAA-C7B7C5702499}.Release|iOS.ActiveCfg = Release|Any CPU
		{B09560F9-4480-48C9-8DAA-C7B7C5702499}.Release|iOS.Build.0 = Release|Any CPU
		{B09560F9-4480-48C9-8DAA-C7B7C5702499}.Release|Windows Phone (Universal).ActiveCfg = Release|Any CPU
		{B09560F9-4480-48C9-8DAA-C7B7C5702499}.Release|Windows Phone (Universal).Build.0 = Release|Any CPU
		{B09560F9-4480-48C9-8DAA-C7B7C5702499}.Release|Windows Phone 8.ActiveCfg = Release|Any CPU
		{B09560F9-4480-48C9-8DAA-C7B7C5702499}.Release|Windows Phone 8.Build.0 = Release|Any CPU
		{B09560F9-4480-48C9-8DAA-C7B7C5702499}.Release|Windows-AnyCPU.ActiveCfg = Release|Any CPU
		{B09560F9-4480-48C9-8DAA-C7B7C5702499}.Release|Windows-AnyCPU.Build.0 = Release|Any CPU
		{B09560F9-4480-48C9-8DAA-C7B7C5702499}.Release|Windows-ARM.ActiveCfg = Release|Any CPU
		{B09560F9-4480-48C9-8DAA-C7B7C5702499}.Release|Windows-ARM.Build.0 = Release|Any CPU
		{B09560F9-4480-48C9-8DAA-C7B7C5702499}.Release|Windows-x64.ActiveCfg = Release|Any CPU
		{B09560F9-4480-48C9-8DAA-C7B7C5702499}.Release|Windows-x64.Build.0 = Release|Any CPU
		{B09560F9-4480-48C9-8DAA-C7B7C5702499}.Release|Windows-x86.ActiveCfg = Release|Any CPU
		{B09560F9-4480-48C9-8DAA-C7B7C5702499}.Release|Windows-x86.Build.0 = Release|Any CPU
		{4DD1A6EE-38A2-4963-868A-574FB8D000FC}.Debug|Android.ActiveCfg = Debug|Any CPU
		{4DD1A6EE-38A2-4963-868A-574FB8D000FC}.Debug|Android.Build.0 = Debug|Any CPU
		{4DD1A6EE-38A2-4963-868A-574FB8D000FC}.Debug|Any CPU.ActiveCfg = Debug|Any CPU
		{4DD1A6EE-38A2-4963-868A-574FB8D000FC}.Debug|Any CPU.Build.0 = Debug|Any CPU
		{4DD1A6EE-38A2-4963-868A-574FB8D000FC}.Debug|iOS.ActiveCfg = Debug|Any CPU
		{4DD1A6EE-38A2-4963-868A-574FB8D000FC}.Debug|iOS.Build.0 = Debug|Any CPU
		{4DD1A6EE-38A2-4963-868A-574FB8D000FC}.Debug|Windows Phone (Universal).ActiveCfg = Debug|Any CPU
		{4DD1A6EE-38A2-4963-868A-574FB8D000FC}.Debug|Windows Phone (Universal).Build.0 = Debug|Any CPU
		{4DD1A6EE-38A2-4963-868A-574FB8D000FC}.Debug|Windows Phone 8.ActiveCfg = Debug|Any CPU
		{4DD1A6EE-38A2-4963-868A-574FB8D000FC}.Debug|Windows Phone 8.Build.0 = Debug|Any CPU
		{4DD1A6EE-38A2-4963-868A-574FB8D000FC}.Debug|Windows-AnyCPU.ActiveCfg = Debug|Any CPU
		{4DD1A6EE-38A2-4963-868A-574FB8D000FC}.Debug|Windows-AnyCPU.Build.0 = Debug|Any CPU
		{4DD1A6EE-38A2-4963-868A-574FB8D000FC}.Debug|Windows-ARM.ActiveCfg = Debug|Any CPU
		{4DD1A6EE-38A2-4963-868A-574FB8D000FC}.Debug|Windows-ARM.Build.0 = Debug|Any CPU
		{4DD1A6EE-38A2-4963-868A-574FB8D000FC}.Debug|Windows-x64.ActiveCfg = Debug|Any CPU
		{4DD1A6EE-38A2-4963-868A-574FB8D000FC}.Debug|Windows-x64.Build.0 = Debug|Any CPU
		{4DD1A6EE-38A2-4963-868A-574FB8D000FC}.Debug|Windows-x86.ActiveCfg = Debug|Any CPU
		{4DD1A6EE-38A2-4963-868A-574FB8D000FC}.Debug|Windows-x86.Build.0 = Debug|Any CPU
		{4DD1A6EE-38A2-4963-868A-574FB8D000FC}.Release|Android.ActiveCfg = Release|Any CPU
		{4DD1A6EE-38A2-4963-868A-574FB8D000FC}.Release|Android.Build.0 = Release|Any CPU
		{4DD1A6EE-38A2-4963-868A-574FB8D000FC}.Release|Any CPU.ActiveCfg = Release|Any CPU
		{4DD1A6EE-38A2-4963-868A-574FB8D000FC}.Release|Any CPU.Build.0 = Release|Any CPU
		{4DD1A6EE-38A2-4963-868A-574FB8D000FC}.Release|iOS.ActiveCfg = Release|Any CPU
		{4DD1A6EE-38A2-4963-868A-574FB8D000FC}.Release|iOS.Build.0 = Release|Any CPU
		{4DD1A6EE-38A2-4963-868A-574FB8D000FC}.Release|Windows Phone (Universal).ActiveCfg = Release|Any CPU
		{4DD1A6EE-38A2-4963-868A-574FB8D000FC}.Release|Windows Phone (Universal).Build.0 = Release|Any CPU
		{4DD1A6EE-38A2-4963-868A-574FB8D000FC}.Release|Windows Phone 8.ActiveCfg = Release|Any CPU
		{4DD1A6EE-38A2-4963-868A-574FB8D000FC}.Release|Windows Phone 8.Build.0 = Release|Any CPU
		{4DD1A6EE-38A2-4963-868A-574FB8D000FC}.Release|Windows-AnyCPU.ActiveCfg = Release|Any CPU
		{4DD1A6EE-38A2-4963-868A-574FB8D000FC}.Release|Windows-AnyCPU.Build.0 = Release|Any CPU
		{4DD1A6EE-38A2-4963-868A-574FB8D000FC}.Release|Windows-ARM.ActiveCfg = Release|Any CPU
		{4DD1A6EE-38A2-4963-868A-574FB8D000FC}.Release|Windows-ARM.Build.0 = Release|Any CPU
		{4DD1A6EE-38A2-4963-868A-574FB8D000FC}.Release|Windows-x64.ActiveCfg = Release|Any CPU
		{4DD1A6EE-38A2-4963-868A-574FB8D000FC}.Release|Windows-x64.Build.0 = Release|Any CPU
		{4DD1A6EE-38A2-4963-868A-574FB8D000FC}.Release|Windows-x86.ActiveCfg = Release|Any CPU
		{4DD1A6EE-38A2-4963-868A-574FB8D000FC}.Release|Windows-x86.Build.0 = Release|Any CPU
		{61DDBA0E-A97D-4AF3-84E8-3AC1D9875FE6}.Debug|Android.ActiveCfg = Debug|Any CPU
		{61DDBA0E-A97D-4AF3-84E8-3AC1D9875FE6}.Debug|Android.Build.0 = Debug|Any CPU
		{61DDBA0E-A97D-4AF3-84E8-3AC1D9875FE6}.Debug|Any CPU.ActiveCfg = Debug|Any CPU
		{61DDBA0E-A97D-4AF3-84E8-3AC1D9875FE6}.Debug|Any CPU.Build.0 = Debug|Any CPU
		{61DDBA0E-A97D-4AF3-84E8-3AC1D9875FE6}.Debug|iOS.ActiveCfg = Debug|Any CPU
		{61DDBA0E-A97D-4AF3-84E8-3AC1D9875FE6}.Debug|iOS.Build.0 = Debug|Any CPU
		{61DDBA0E-A97D-4AF3-84E8-3AC1D9875FE6}.Debug|Windows Phone (Universal).ActiveCfg = Debug|Any CPU
		{61DDBA0E-A97D-4AF3-84E8-3AC1D9875FE6}.Debug|Windows Phone (Universal).Build.0 = Debug|Any CPU
		{61DDBA0E-A97D-4AF3-84E8-3AC1D9875FE6}.Debug|Windows Phone 8.ActiveCfg = Debug|Any CPU
		{61DDBA0E-A97D-4AF3-84E8-3AC1D9875FE6}.Debug|Windows Phone 8.Build.0 = Debug|Any CPU
		{61DDBA0E-A97D-4AF3-84E8-3AC1D9875FE6}.Debug|Windows-AnyCPU.ActiveCfg = Debug|Any CPU
		{61DDBA0E-A97D-4AF3-84E8-3AC1D9875FE6}.Debug|Windows-AnyCPU.Build.0 = Debug|Any CPU
		{61DDBA0E-A97D-4AF3-84E8-3AC1D9875FE6}.Debug|Windows-ARM.ActiveCfg = Debug|Any CPU
		{61DDBA0E-A97D-4AF3-84E8-3AC1D9875FE6}.Debug|Windows-ARM.Build.0 = Debug|Any CPU
		{61DDBA0E-A97D-4AF3-84E8-3AC1D9875FE6}.Debug|Windows-x64.ActiveCfg = Debug|Any CPU
		{61DDBA0E-A97D-4AF3-84E8-3AC1D9875FE6}.Debug|Windows-x64.Build.0 = Debug|Any CPU
		{61DDBA0E-A97D-4AF3-84E8-3AC1D9875FE6}.Debug|Windows-x86.ActiveCfg = Debug|Any CPU
		{61DDBA0E-A97D-4AF3-84E8-3AC1D9875FE6}.Debug|Windows-x86.Build.0 = Debug|Any CPU
		{61DDBA0E-A97D-4AF3-84E8-3AC1D9875FE6}.Release|Android.ActiveCfg = Release|Any CPU
		{61DDBA0E-A97D-4AF3-84E8-3AC1D9875FE6}.Release|Android.Build.0 = Release|Any CPU
		{61DDBA0E-A97D-4AF3-84E8-3AC1D9875FE6}.Release|Any CPU.ActiveCfg = Release|Any CPU
		{61DDBA0E-A97D-4AF3-84E8-3AC1D9875FE6}.Release|Any CPU.Build.0 = Release|Any CPU
		{61DDBA0E-A97D-4AF3-84E8-3AC1D9875FE6}.Release|iOS.ActiveCfg = Release|Any CPU
		{61DDBA0E-A97D-4AF3-84E8-3AC1D9875FE6}.Release|iOS.Build.0 = Release|Any CPU
		{61DDBA0E-A97D-4AF3-84E8-3AC1D9875FE6}.Release|Windows Phone (Universal).ActiveCfg = Release|Any CPU
		{61DDBA0E-A97D-4AF3-84E8-3AC1D9875FE6}.Release|Windows Phone (Universal).Build.0 = Release|Any CPU
		{61DDBA0E-A97D-4AF3-84E8-3AC1D9875FE6}.Release|Windows Phone 8.ActiveCfg = Release|Any CPU
		{61DDBA0E-A97D-4AF3-84E8-3AC1D9875FE6}.Release|Windows Phone 8.Build.0 = Release|Any CPU
		{61DDBA0E-A97D-4AF3-84E8-3AC1D9875FE6}.Release|Windows-AnyCPU.ActiveCfg = Release|Any CPU
		{61DDBA0E-A97D-4AF3-84E8-3AC1D9875FE6}.Release|Windows-AnyCPU.Build.0 = Release|Any CPU
		{61DDBA0E-A97D-4AF3-84E8-3AC1D9875FE6}.Release|Windows-ARM.ActiveCfg = Release|Any CPU
		{61DDBA0E-A97D-4AF3-84E8-3AC1D9875FE6}.Release|Windows-ARM.Build.0 = Release|Any CPU
		{61DDBA0E-A97D-4AF3-84E8-3AC1D9875FE6}.Release|Windows-x64.ActiveCfg = Release|Any CPU
		{61DDBA0E-A97D-4AF3-84E8-3AC1D9875FE6}.Release|Windows-x64.Build.0 = Release|Any CPU
		{61DDBA0E-A97D-4AF3-84E8-3AC1D9875FE6}.Release|Windows-x86.ActiveCfg = Release|Any CPU
		{61DDBA0E-A97D-4AF3-84E8-3AC1D9875FE6}.Release|Windows-x86.Build.0 = Release|Any CPU
		{5F72D101-4675-4989-A76C-DD36E05E3028}.Debug|Android.ActiveCfg = Debug|Any CPU
		{5F72D101-4675-4989-A76C-DD36E05E3028}.Debug|Android.Build.0 = Debug|Any CPU
		{5F72D101-4675-4989-A76C-DD36E05E3028}.Debug|Any CPU.ActiveCfg = Debug|Any CPU
		{5F72D101-4675-4989-A76C-DD36E05E3028}.Debug|Any CPU.Build.0 = Debug|Any CPU
		{5F72D101-4675-4989-A76C-DD36E05E3028}.Debug|iOS.ActiveCfg = Debug|Any CPU
		{5F72D101-4675-4989-A76C-DD36E05E3028}.Debug|iOS.Build.0 = Debug|Any CPU
		{5F72D101-4675-4989-A76C-DD36E05E3028}.Debug|Windows Phone (Universal).ActiveCfg = Debug|Any CPU
		{5F72D101-4675-4989-A76C-DD36E05E3028}.Debug|Windows Phone (Universal).Build.0 = Debug|Any CPU
		{5F72D101-4675-4989-A76C-DD36E05E3028}.Debug|Windows Phone 8.ActiveCfg = Debug|Any CPU
		{5F72D101-4675-4989-A76C-DD36E05E3028}.Debug|Windows Phone 8.Build.0 = Debug|Any CPU
		{5F72D101-4675-4989-A76C-DD36E05E3028}.Debug|Windows-AnyCPU.ActiveCfg = Debug|Any CPU
		{5F72D101-4675-4989-A76C-DD36E05E3028}.Debug|Windows-AnyCPU.Build.0 = Debug|Any CPU
		{5F72D101-4675-4989-A76C-DD36E05E3028}.Debug|Windows-ARM.ActiveCfg = Debug|Any CPU
		{5F72D101-4675-4989-A76C-DD36E05E3028}.Debug|Windows-ARM.Build.0 = Debug|Any CPU
		{5F72D101-4675-4989-A76C-DD36E05E3028}.Debug|Windows-x64.ActiveCfg = Debug|Any CPU
		{5F72D101-4675-4989-A76C-DD36E05E3028}.Debug|Windows-x64.Build.0 = Debug|Any CPU
		{5F72D101-4675-4989-A76C-DD36E05E3028}.Debug|Windows-x86.ActiveCfg = Debug|Any CPU
		{5F72D101-4675-4989-A76C-DD36E05E3028}.Debug|Windows-x86.Build.0 = Debug|Any CPU
		{5F72D101-4675-4989-A76C-DD36E05E3028}.Release|Android.ActiveCfg = Release|Any CPU
		{5F72D101-4675-4989-A76C-DD36E05E3028}.Release|Android.Build.0 = Release|Any CPU
		{5F72D101-4675-4989-A76C-DD36E05E3028}.Release|Any CPU.ActiveCfg = Release|Any CPU
		{5F72D101-4675-4989-A76C-DD36E05E3028}.Release|Any CPU.Build.0 = Release|Any CPU
		{5F72D101-4675-4989-A76C-DD36E05E3028}.Release|iOS.ActiveCfg = Release|Any CPU
		{5F72D101-4675-4989-A76C-DD36E05E3028}.Release|iOS.Build.0 = Release|Any CPU
		{5F72D101-4675-4989-A76C-DD36E05E3028}.Release|Windows Phone (Universal).ActiveCfg = Release|Any CPU
		{5F72D101-4675-4989-A76C-DD36E05E3028}.Release|Windows Phone (Universal).Build.0 = Release|Any CPU
		{5F72D101-4675-4989-A76C-DD36E05E3028}.Release|Windows Phone 8.ActiveCfg = Release|Any CPU
		{5F72D101-4675-4989-A76C-DD36E05E3028}.Release|Windows Phone 8.Build.0 = Release|Any CPU
		{5F72D101-4675-4989-A76C-DD36E05E3028}.Release|Windows-AnyCPU.ActiveCfg = Release|Any CPU
		{5F72D101-4675-4989-A76C-DD36E05E3028}.Release|Windows-AnyCPU.Build.0 = Release|Any CPU
		{5F72D101-4675-4989-A76C-DD36E05E3028}.Release|Windows-ARM.ActiveCfg = Release|Any CPU
		{5F72D101-4675-4989-A76C-DD36E05E3028}.Release|Windows-ARM.Build.0 = Release|Any CPU
		{5F72D101-4675-4989-A76C-DD36E05E3028}.Release|Windows-x64.ActiveCfg = Release|Any CPU
		{5F72D101-4675-4989-A76C-DD36E05E3028}.Release|Windows-x64.Build.0 = Release|Any CPU
		{5F72D101-4675-4989-A76C-DD36E05E3028}.Release|Windows-x86.ActiveCfg = Release|Any CPU
		{5F72D101-4675-4989-A76C-DD36E05E3028}.Release|Windows-x86.Build.0 = Release|Any CPU
		{2309D2F4-49DE-4F54-9EAE-1A5F7C8F02B7}.Debug|Android.ActiveCfg = Debug|Android
		{2309D2F4-49DE-4F54-9EAE-1A5F7C8F02B7}.Debug|Android.Build.0 = Debug|Android
		{2309D2F4-49DE-4F54-9EAE-1A5F7C8F02B7}.Debug|Android.Deploy.0 = Debug|Android
		{2309D2F4-49DE-4F54-9EAE-1A5F7C8F02B7}.Debug|Any CPU.ActiveCfg = Debug|Android
		{2309D2F4-49DE-4F54-9EAE-1A5F7C8F02B7}.Debug|iOS.ActiveCfg = Debug|iOS
		{2309D2F4-49DE-4F54-9EAE-1A5F7C8F02B7}.Debug|iOS.Build.0 = Debug|iOS
		{2309D2F4-49DE-4F54-9EAE-1A5F7C8F02B7}.Debug|iOS.Deploy.0 = Debug|iOS
		{2309D2F4-49DE-4F54-9EAE-1A5F7C8F02B7}.Debug|Windows Phone (Universal).ActiveCfg = Debug|Windows Phone (Universal)
		{2309D2F4-49DE-4F54-9EAE-1A5F7C8F02B7}.Debug|Windows Phone (Universal).Build.0 = Debug|Windows Phone (Universal)
		{2309D2F4-49DE-4F54-9EAE-1A5F7C8F02B7}.Debug|Windows Phone (Universal).Deploy.0 = Debug|Windows Phone (Universal)
		{2309D2F4-49DE-4F54-9EAE-1A5F7C8F02B7}.Debug|Windows Phone 8.ActiveCfg = Debug|Windows Phone 8
		{2309D2F4-49DE-4F54-9EAE-1A5F7C8F02B7}.Debug|Windows Phone 8.Build.0 = Debug|Windows Phone 8
		{2309D2F4-49DE-4F54-9EAE-1A5F7C8F02B7}.Debug|Windows Phone 8.Deploy.0 = Debug|Windows Phone 8
		{2309D2F4-49DE-4F54-9EAE-1A5F7C8F02B7}.Debug|Windows-AnyCPU.ActiveCfg = Debug|Windows-AnyCPU
		{2309D2F4-49DE-4F54-9EAE-1A5F7C8F02B7}.Debug|Windows-AnyCPU.Build.0 = Debug|Windows-AnyCPU
		{2309D2F4-49DE-4F54-9EAE-1A5F7C8F02B7}.Debug|Windows-AnyCPU.Deploy.0 = Debug|Windows-AnyCPU
		{2309D2F4-49DE-4F54-9EAE-1A5F7C8F02B7}.Debug|Windows-ARM.ActiveCfg = Debug|Windows-ARM
		{2309D2F4-49DE-4F54-9EAE-1A5F7C8F02B7}.Debug|Windows-ARM.Build.0 = Debug|Windows-ARM
		{2309D2F4-49DE-4F54-9EAE-1A5F7C8F02B7}.Debug|Windows-ARM.Deploy.0 = Debug|Windows-ARM
		{2309D2F4-49DE-4F54-9EAE-1A5F7C8F02B7}.Debug|Windows-x64.ActiveCfg = Debug|Windows-x64
		{2309D2F4-49DE-4F54-9EAE-1A5F7C8F02B7}.Debug|Windows-x64.Build.0 = Debug|Windows-x64
		{2309D2F4-49DE-4F54-9EAE-1A5F7C8F02B7}.Debug|Windows-x64.Deploy.0 = Debug|Windows-x64
		{2309D2F4-49DE-4F54-9EAE-1A5F7C8F02B7}.Debug|Windows-x86.ActiveCfg = Debug|Windows-x86
		{2309D2F4-49DE-4F54-9EAE-1A5F7C8F02B7}.Debug|Windows-x86.Build.0 = Debug|Windows-x86
		{2309D2F4-49DE-4F54-9EAE-1A5F7C8F02B7}.Debug|Windows-x86.Deploy.0 = Debug|Windows-x86
		{2309D2F4-49DE-4F54-9EAE-1A5F7C8F02B7}.Release|Android.ActiveCfg = Release|Android
		{2309D2F4-49DE-4F54-9EAE-1A5F7C8F02B7}.Release|Android.Build.0 = Release|Android
		{2309D2F4-49DE-4F54-9EAE-1A5F7C8F02B7}.Release|Android.Deploy.0 = Release|Android
		{2309D2F4-49DE-4F54-9EAE-1A5F7C8F02B7}.Release|Any CPU.ActiveCfg = Release|Android
		{2309D2F4-49DE-4F54-9EAE-1A5F7C8F02B7}.Release|iOS.ActiveCfg = Release|iOS
		{2309D2F4-49DE-4F54-9EAE-1A5F7C8F02B7}.Release|iOS.Build.0 = Release|iOS
		{2309D2F4-49DE-4F54-9EAE-1A5F7C8F02B7}.Release|iOS.Deploy.0 = Release|iOS
		{2309D2F4-49DE-4F54-9EAE-1A5F7C8F02B7}.Release|Windows Phone (Universal).ActiveCfg = Release|Windows Phone (Universal)
		{2309D2F4-49DE-4F54-9EAE-1A5F7C8F02B7}.Release|Windows Phone (Universal).Build.0 = Release|Windows Phone (Universal)
		{2309D2F4-49DE-4F54-9EAE-1A5F7C8F02B7}.Release|Windows Phone (Universal).Deploy.0 = Release|Windows Phone (Universal)
		{2309D2F4-49DE-4F54-9EAE-1A5F7C8F02B7}.Release|Windows Phone 8.ActiveCfg = Release|Windows Phone 8
		{2309D2F4-49DE-4F54-9EAE-1A5F7C8F02B7}.Release|Windows Phone 8.Build.0 = Release|Windows Phone 8
		{2309D2F4-49DE-4F54-9EAE-1A5F7C8F02B7}.Release|Windows Phone 8.Deploy.0 = Release|Windows Phone 8
		{2309D2F4-49DE-4F54-9EAE-1A5F7C8F02B7}.Release|Windows-AnyCPU.ActiveCfg = Release|Windows-AnyCPU
		{2309D2F4-49DE-4F54-9EAE-1A5F7C8F02B7}.Release|Windows-AnyCPU.Build.0 = Release|Windows-AnyCPU
		{2309D2F4-49DE-4F54-9EAE-1A5F7C8F02B7}.Release|Windows-AnyCPU.Deploy.0 = Release|Windows-AnyCPU
		{2309D2F4-49DE-4F54-9EAE-1A5F7C8F02B7}.Release|Windows-ARM.ActiveCfg = Release|Windows-ARM
		{2309D2F4-49DE-4F54-9EAE-1A5F7C8F02B7}.Release|Windows-ARM.Build.0 = Release|Windows-ARM
		{2309D2F4-49DE-4F54-9EAE-1A5F7C8F02B7}.Release|Windows-ARM.Deploy.0 = Release|Windows-ARM
		{2309D2F4-49DE-4F54-9EAE-1A5F7C8F02B7}.Release|Windows-x64.ActiveCfg = Release|Windows-x64
		{2309D2F4-49DE-4F54-9EAE-1A5F7C8F02B7}.Release|Windows-x64.Build.0 = Release|Windows-x64
		{2309D2F4-49DE-4F54-9EAE-1A5F7C8F02B7}.Release|Windows-x64.Deploy.0 = Release|Windows-x64
		{2309D2F4-49DE-4F54-9EAE-1A5F7C8F02B7}.Release|Windows-x86.ActiveCfg = Release|Windows-x86
		{2309D2F4-49DE-4F54-9EAE-1A5F7C8F02B7}.Release|Windows-x86.Build.0 = Release|Windows-x86
		{2309D2F4-49DE-4F54-9EAE-1A5F7C8F02B7}.Release|Windows-x86.Deploy.0 = Release|Windows-x86
	EndGlobalSection
	GlobalSection(SolutionProperties) = preSolution
		HideSolutionNode = FALSE
	EndGlobalSection
EndGlobal
